
Microsoft Visual Studio Solution File, Format Version 12.00
# Visual Studio Version 17
VisualStudioVersion = 17.6.33815.320
MinimumVisualStudioVersion = 10.0.40219.1
Project("{FAE04EC0-301F-11D3-BF4B-00C04F79EFBC}") = "Delegate Covariance", "Delegate Covariance\Delegate Covariance.csproj", "{27DD5F40-67B4-4C22-9842-99275C83422E}"
EndProject
Global
	GlobalSection(SolutionConfigurationPlatforms) = preSolution
		Debug|Any CPU = Debug|Any CPU
		Release|Any CPU = Release|Any CPU
	EndGlobalSection
	GlobalSection(ProjectConfigurationPlatforms) = postSolution
		{27DD5F40-67B4-4C22-9842-99275C83422E}.Debug|Any CPU.ActiveCfg = Debug|Any CPU
		{27DD5F40-67B4-4C22-9842-99275C83422E}.Debug|Any CPU.Build.0 = Debug|Any CPU
		{27DD5F40-67B4-4C22-9842-99275C83422E}.Release|Any CPU.ActiveCfg = Release|Any CPU
		{27DD5F40-67B4-4C22-9842-99275C83422E}.Release|Any CPU.Build.0 = Release|Any CPU
	EndGlobalSection
	GlobalSection(SolutionProperties) = preSolution
		HideSolutionNode = FALSE
	EndGlobalSection
	GlobalSection(ExtensibilityGlobals) = postSolution
		SolutionGuid = {A5061F46-1CF9-42D0-935D-37081B885371}
	EndGlobalSection
EndGlobal
